
Microsoft Visual Studio Solution File, Format Version 12.00
# Visual Studio 15
VisualStudioVersion = 15.0.27130.2010
MinimumVisualStudioVersion = 10.0.40219.1
Project("{9A19103F-16F7-4668-BE54-9A1E7A4F7556}") = "RegattaMeldung", "RegattaMeldung\RegattaMeldung.csproj", "{A5089F2E-EA4A-4B60-8F16-0DE7235EAEDF}"
EndProject
Global
	GlobalSection(SolutionConfigurationPlatforms) = preSolution
		Debug|Any CPU = Debug|Any CPU
		Release|Any CPU = Release|Any CPU
	EndGlobalSection
	GlobalSection(ProjectConfigurationPlatforms) = postSolution
		{A5089F2E-EA4A-4B60-8F16-0DE7235EAEDF}.Debug|Any CPU.ActiveCfg = Release|Any CPU
		{A5089F2E-EA4A-4B60-8F16-0DE7235EAEDF}.Debug|Any CPU.Build.0 = Release|Any CPU
		{A5089F2E-EA4A-4B60-8F16-0DE7235EAEDF}.Release|Any CPU.ActiveCfg = Release|Any CPU
		{A5089F2E-EA4A-4B60-8F16-0DE7235EAEDF}.Release|Any CPU.Build.0 = Release|Any CPU
	EndGlobalSection
	GlobalSection(SolutionProperties) = preSolution
		HideSolutionNode = FALSE
	EndGlobalSection
	GlobalSection(ExtensibilityGlobals) = postSolution
		SolutionGuid = {0FFB8DD1-D381-4FB3-ADE0-85801D39EE6C}
	EndGlobalSection
EndGlobal
